
Microsoft Visual Studio Solution File, Format Version 12.00
# Visual Studio Version 16
VisualStudioVersion = 16.0.31729.503
MinimumVisualStudioVersion = 10.0.40219.1
Project("{FAE04EC0-301F-11D3-BF4B-00C04F79EFBC}") = "CodingChallengeV4", "CodingChallengeV4.csproj", "{76858D0B-63C2-410D-8D48-BD327C2E564D}"
EndProject
Global
	GlobalSection(SolutionConfigurationPlatforms) = preSolution
		Debug|Any CPU = Debug|Any CPU
		Release|Any CPU = Release|Any CPU
	EndGlobalSection
	GlobalSection(ProjectConfigurationPlatforms) = postSolution
		{76858D0B-63C2-410D-8D48-BD327C2E564D}.Debug|Any CPU.ActiveCfg = Debug|Any CPU
		{76858D0B-63C2-410D-8D48-BD327C2E564D}.Debug|Any CPU.Build.0 = Debug|Any CPU
		{76858D0B-63C2-410D-8D48-BD327C2E564D}.Release|Any CPU.ActiveCfg = Release|Any CPU
		{76858D0B-63C2-410D-8D48-BD327C2E564D}.Release|Any CPU.Build.0 = Release|Any CPU
	EndGlobalSection
	GlobalSection(SolutionProperties) = preSolution
		HideSolutionNode = FALSE
	EndGlobalSection
	GlobalSection(ExtensibilityGlobals) = postSolution
		SolutionGuid = {EFF29A0C-C94E-439A-96C4-BE36A9B56FBE}
	EndGlobalSection
EndGlobal
